// !$*UTF8*$!
{
	archiveVersion = 1;
	classes = {
	};
	objectVersion = 50;
	objects = {

/* Begin PBXBuildFile section */
		538EC0F3EEC081951136DCE3 /* Pods_KDapp3.framework in Frameworks */ = {isa = PBXBuildFile; fileRef = B22B0EE30565AEDF602B3942 /* Pods_KDapp3.framework */; };
		81D4F4C72289E363006AB5A5 /* AppDelegate.swift in Sources */ = {isa = PBXBuildFile; fileRef = 81D4F4C62289E363006AB5A5 /* AppDelegate.swift */; };
		81D4F4C92289E363006AB5A5 /* ViewController.swift in Sources */ = {isa = PBXBuildFile; fileRef = 81D4F4C82289E363006AB5A5 /* ViewController.swift */; };
		81D4F4CC2289E363006AB5A5 /* Main.storyboard in Resources */ = {isa = PBXBuildFile; fileRef = 81D4F4CA2289E363006AB5A5 /* Main.storyboard */; };
		81D4F4CE2289E36B006AB5A5 /* Assets.xcassets in Resources */ = {isa = PBXBuildFile; fileRef = 81D4F4CD2289E36B006AB5A5 /* Assets.xcassets */; };
		81D4F4D12289E36B006AB5A5 /* LaunchScreen.storyboard in Resources */ = {isa = PBXBuildFile; fileRef = 81D4F4CF2289E36B006AB5A5 /* LaunchScreen.storyboard */; };
		81D4F4D92289E4F0006AB5A5 /* GoogleService-Info.plist in Resources */ = {isa = PBXBuildFile; fileRef = 81D4F4D82289E4F0006AB5A5 /* GoogleService-Info.plist */; };
		81D4F4DB2289E926006AB5A5 /* Register.swift in Sources */ = {isa = PBXBuildFile; fileRef = 81D4F4DA2289E926006AB5A5 /* Register.swift */; };
		81D4F4DD2289F738006AB5A5 /* LogIn.swift in Sources */ = {isa = PBXBuildFile; fileRef = 81D4F4DC2289F738006AB5A5 /* LogIn.swift */; };
		81D4F4DF2289FEE1006AB5A5 /* Search.swift in Sources */ = {isa = PBXBuildFile; fileRef = 81D4F4DE2289FEE1006AB5A5 /* Search.swift */; };
		81D4F4E1228A1DB8006AB5A5 /* List.swift in Sources */ = {isa = PBXBuildFile; fileRef = 81D4F4E0228A1DB8006AB5A5 /* List.swift */; };
/* End PBXBuildFile section */

/* Begin PBXFileReference section */
		81D4F4C32289E363006AB5A5 /* KDapp3.app */ = {isa = PBXFileReference; explicitFileType = wrapper.application; includeInIndex = 0; path = KDapp3.app; sourceTree = BUILT_PRODUCTS_DIR; };
		81D4F4C62289E363006AB5A5 /* AppDelegate.swift */ = {isa = PBXFileReference; lastKnownFileType = sourcecode.swift; path = AppDelegate.swift; sourceTree = "<group>"; };
		81D4F4C82289E363006AB5A5 /* ViewController.swift */ = {isa = PBXFileReference; lastKnownFileType = sourcecode.swift; path = ViewController.swift; sourceTree = "<group>"; };
		81D4F4CB2289E363006AB5A5 /* Base */ = {isa = PBXFileReference; lastKnownFileType = file.storyboard; name = Base; path = Base.lproj/Main.storyboard; sourceTree = "<group>"; };
		81D4F4CD2289E36B006AB5A5 /* Assets.xcassets */ = {isa = PBXFileReference; lastKnownFileType = folder.assetcatalog; path = Assets.xcassets; sourceTree = "<group>"; };
		81D4F4D02289E36B006AB5A5 /* Base */ = {isa = PBXFileReference; lastKnownFileType = file.storyboard; name = Base; path = Base.lproj/LaunchScreen.storyboard; sourceTree = "<group>"; };
		81D4F4D22289E36B006AB5A5 /* Info.plist */ = {isa = PBXFileReference; lastKnownFileType = text.plist.xml; path = Info.plist; sourceTree = "<group>"; };
		81D4F4D82289E4F0006AB5A5 /* GoogleService-Info.plist */ = {isa = PBXFileReference; fileEncoding = 4; lastKnownFileType = text.plist.xml; path = "GoogleService-Info.plist"; sourceTree = "<group>"; };
		81D4F4DA2289E926006AB5A5 /* Register.swift */ = {isa = PBXFileReference; lastKnownFileType = sourcecode.swift; path = Register.swift; sourceTree = "<group>"; };
		81D4F4DC2289F738006AB5A5 /* LogIn.swift */ = {isa = PBXFileReference; lastKnownFileType = sourcecode.swift; path = LogIn.swift; sourceTree = "<group>"; };
		81D4F4DE2289FEE1006AB5A5 /* Search.swift */ = {isa = PBXFileReference; lastKnownFileType = sourcecode.swift; path = Search.swift; sourceTree = "<group>"; };
		81D4F4E0228A1DB8006AB5A5 /* List.swift */ = {isa = PBXFileReference; lastKnownFileType = sourcecode.swift; path = List.swift; sourceTree = "<group>"; };
		B22B0EE30565AEDF602B3942 /* Pods_KDapp3.framework */ = {isa = PBXFileReference; explicitFileType = wrapper.framework; includeInIndex = 0; path = Pods_KDapp3.framework; sourceTree = BUILT_PRODUCTS_DIR; };
		F1B35608F0C0C12DB586F30F /* Pods-KDapp3.release.xcconfig */ = {isa = PBXFileReference; includeInIndex = 1; lastKnownFileType = text.xcconfig; name = "Pods-KDapp3.release.xcconfig"; path = "Target Support Files/Pods-KDapp3/Pods-KDapp3.release.xcconfig"; sourceTree = "<group>"; };
		F93FECB18A60E0F5F6D088AF /* Pods-KDapp3.debug.xcconfig */ = {isa = PBXFileReference; includeInIndex = 1; lastKnownFileType = text.xcconfig; name = "Pods-KDapp3.debug.xcconfig"; path = "Target Support Files/Pods-KDapp3/Pods-KDapp3.debug.xcconfig"; sourceTree = "<group>"; };
/* End PBXFileReference section */

/* Begin PBXFrameworksBuildPhase section */
		81D4F4C02289E363006AB5A5 /* Frameworks */ = {
			isa = PBXFrameworksBuildPhase;
			buildActionMask = 2147483647;
			files = (
				538EC0F3EEC081951136DCE3 /* Pods_KDapp3.framework in Frameworks */,
			);
			runOnlyForDeploymentPostprocessing = 0;
		};
/* End PBXFrameworksBuildPhase section */

/* Begin PBXGroup section */
		81D4F4BA2289E363006AB5A5 = {
			isa = PBXGroup;
			children = (
				81D4F4C52289E363006AB5A5 /* KDapp3 */,
				81D4F4C42289E363006AB5A5 /* Products */,
				9B250B59D638BA21275C54F7 /* Pods */,
				CC66C02460418CA8670E90FB /* Frameworks */,
			);
			sourceTree = "<group>";
		};
		81D4F4C42289E363006AB5A5 /* Products */ = {
			isa = PBXGroup;
			children = (
				81D4F4C32289E363006AB5A5 /* KDapp3.app */,
			);
			name = Products;
			sourceTree = "<group>";
		};
		81D4F4C52289E363006AB5A5 /* KDapp3 */ = {
			isa = PBXGroup;
			children = (
				81D4F4C62289E363006AB5A5 /* AppDelegate.swift */,
				81D4F4C82289E363006AB5A5 /* ViewController.swift */,
				81D4F4DC2289F738006AB5A5 /* LogIn.swift */,
				81D4F4DA2289E926006AB5A5 /* Register.swift */,
				81D4F4DE2289FEE1006AB5A5 /* Search.swift */,
				81D4F4E0228A1DB8006AB5A5 /* List.swift */,
				81D4F4CA2289E363006AB5A5 /* Main.storyboard */,
				81D4F4CD2289E36B006AB5A5 /* Assets.xcassets */,
				81D4F4CF2289E36B006AB5A5 /* LaunchScreen.storyboard */,
				81D4F4D22289E36B006AB5A5 /* Info.plist */,
				81D4F4D82289E4F0006AB5A5 /* GoogleService-Info.plist */,
			);
			path = KDapp3;
			sourceTree = "<group>";
		};
		9B250B59D638BA21275C54F7 /* Pods */ = {
			isa = PBXGroup;
			children = (
				F93FECB18A60E0F5F6D088AF /* Pods-KDapp3.debug.xcconfig */,
				F1B35608F0C0C12DB586F30F /* Pods-KDapp3.release.xcconfig */,
			);
			path = Pods;
			sourceTree = "<group>";
		};
		CC66C02460418CA8670E90FB /* Frameworks */ = {
			isa = PBXGroup;
			children = (
				B22B0EE30565AEDF602B3942 /* Pods_KDapp3.framework */,
			);
			name = Frameworks;
			sourceTree = "<group>";
		};
/* End PBXGroup section */

/* Begin PBXNativeTarget section */
		81D4F4C22289E363006AB5A5 /* KDapp3 */ = {
			isa = PBXNativeTarget;
			buildConfigurationList = 81D4F4D52289E36B006AB5A5 /* Build configuration list for PBXNativeTarget "KDapp3" */;
			buildPhases = (
				009464A9779177EF9B7D3A86 /* [CP] Check Pods Manifest.lock */,
				81D4F4BF2289E363006AB5A5 /* Sources */,
				81D4F4C02289E363006AB5A5 /* Frameworks */,
				81D4F4C12289E363006AB5A5 /* Resources */,
				BB66B3FB669A4BC69D4691C0 /* [CP] Embed Pods Frameworks */,
			);
			buildRules = (
			);
			dependencies = (
			);
			name = KDapp3;
			productName = KDapp3;
			productReference = 81D4F4C32289E363006AB5A5 /* KDapp3.app */;
			productType = "com.apple.product-type.application";
		};
/* End PBXNativeTarget section */

/* Begin PBXProject section */
		81D4F4BB2289E363006AB5A5 /* Project object */ = {
			isa = PBXProject;
			attributes = {
				LastSwiftUpdateCheck = 1020;
				LastUpgradeCheck = 1020;
				ORGANIZATIONNAME = "Andris Tolmanis";
				TargetAttributes = {
					81D4F4C22289E363006AB5A5 = {
						CreatedOnToolsVersion = 10.2.1;
					};
				};
			};
			buildConfigurationList = 81D4F4BE2289E363006AB5A5 /* Build configuration list for PBXProject "KDapp3" */;
			compatibilityVersion = "Xcode 9.3";
			developmentRegion = en;
			hasScannedForEncodings = 0;
			knownRegions = (
				en,
				Base,
			);
			mainGroup = 81D4F4BA2289E363006AB5A5;
			productRefGroup = 81D4F4C42289E363006AB5A5 /* Products */;
			projectDirPath = "";
			projectRoot = "";
			targets = (
				81D4F4C22289E363006AB5A5 /* KDapp3 */,
			);
		};
/* End PBXProject section */

/* Begin PBXResourcesBuildPhase section */
		81D4F4C12289E363006AB5A5 /* Resources */ = {
			isa = PBXResourcesBuildPhase;
			buildActionMask = 2147483647;
			files = (
				81D4F4D12289E36B006AB5A5 /* LaunchScreen.storyboard in Resources */,
				81D4F4D92289E4F0006AB5A5 /* GoogleService-Info.plist in Resources */,
				81D4F4CE2289E36B006AB5A5 /* Assets.xcassets in Resources */,
				81D4F4CC2289E363006AB5A5 /* Main.storyboard in Resources */,
			);
			runOnlyForDeploymentPostprocessing = 0;
		};
/* End PBXResourcesBuildPhase section */

/* Begin PBXShellScriptBuildPhase section */
		009464A9779177EF9B7D3A86 /* [CP] Check Pods Manifest.lock */ = {
			isa = PBXShellScriptBuildPhase;
			buildActionMask = 2147483647;
			files = (
			);
			inputFileListPaths = (
			);
			inputPaths = (
				"${PODS_PODFILE_DIR_PATH}/Podfile.lock",
				"${PODS_ROOT}/Manifest.lock",
			);
			name = "[CP] Check Pods Manifest.lock";
			outputFileListPaths = (
			);
			outputPaths = (
				"$(DERIVED_FILE_DIR)/Pods-KDapp3-checkManifestLockResult.txt",
			);
			runOnlyForDeploymentPostprocessing = 0;
			shellPath = /bin/sh;
			shellScript = "diff \"${PODS_PODFILE_DIR_PATH}/Podfile.lock\" \"${PODS_ROOT}/Manifest.lock\" > /dev/null\nif [ $? != 0 ] ; then\n    # print error to STDERR\n    echo \"error: The sandbox is not in sync with the Podfile.lock. Run 'pod install' or update your CocoaPods installation.\" >&2\n    exit 1\nfi\n# This output is used by Xcode 'outputs' to avoid re-running this script phase.\necho \"SUCCESS\" > \"${SCRIPT_OUTPUT_FILE_0}\"\n";
			showEnvVarsInLog = 0;
		};
		BB66B3FB669A4BC69D4691C0 /* [CP] Embed Pods Frameworks */ = {
			isa = PBXShellScriptBuildPhase;
			buildActionMask = 2147483647;
			files = (
			);
			inputFileListPaths = (
			);
			inputPaths = (
				"${PODS_ROOT}/Target Support Files/Pods-KDapp3/Pods-KDapp3-frameworks.sh",
				"${BUILT_PRODUCTS_DIR}/Floaty/Floaty.framework",
				"${BUILT_PRODUCTS_DIR}/GTMSessionFetcher/GTMSessionFetcher.framework",
				"${BUILT_PRODUCTS_DIR}/GoogleUtilities/GoogleUtilities.framework",
				"${BUILT_PRODUCTS_DIR}/SwiftyJSON/SwiftyJSON.framework",
				"${BUILT_PRODUCTS_DIR}/leveldb-library/leveldb.framework",
				"${BUILT_PRODUCTS_DIR}/nanopb/nanopb.framework",
			);
			name = "[CP] Embed Pods Frameworks";
			outputFileListPaths = (
			);
			outputPaths = (
				"${TARGET_BUILD_DIR}/${FRAMEWORKS_FOLDER_PATH}/Floaty.framework",
				"${TARGET_BUILD_DIR}/${FRAMEWORKS_FOLDER_PATH}/GTMSessionFetcher.framework",
				"${TARGET_BUILD_DIR}/${FRAMEWORKS_FOLDER_PATH}/GoogleUtilities.framework",
				"${TARGET_BUILD_DIR}/${FRAMEWORKS_FOLDER_PATH}/SwiftyJSON.framework",
				"${TARGET_BUILD_DIR}/${FRAMEWORKS_FOLDER_PATH}/leveldb.framework",
				"${TARGET_BUILD_DIR}/${FRAMEWORKS_FOLDER_PATH}/nanopb.framework",
			);
			runOnlyForDeploymentPostprocessing = 0;
			shellPath = /bin/sh;
			shellScript = "\"${PODS_ROOT}/Target Support Files/Pods-KDapp3/Pods-KDapp3-frameworks.sh\"\n";
			showEnvVarsInLog = 0;
		};
/* End PBXShellScriptBuildPhase section */

/* Begin PBXSourcesBuildPhase section */
		81D4F4BF2289E363006AB5A5 /* Sources */ = {
			isa = PBXSourcesBuildPhase;
			buildActionMask = 2147483647;
			files = (
				81D4F4DB2289E926006AB5A5 /* Register.swift in Sources */,
				81D4F4C92289E363006AB5A5 /* ViewController.swift in Sources */,
				81D4F4DF2289FEE1006AB5A5 /* Search.swift in Sources */,
				81D4F4C72289E363006AB5A5 /* AppDelegate.swift in Sources */,
				81D4F4DD2289F738006AB5A5 /* LogIn.swift in Sources */,
				81D4F4E1228A1DB8006AB5A5 /* List.swift in Sources */,
			);
			runOnlyForDeploymentPostprocessing = 0;
		};
/* End PBXSourcesBuildPhase section */

/* Begin PBXVariantGroup section */
		81D4F4CA2289E363006AB5A5 /* Main.storyboard */ = {
			isa = PBXVariantGroup;
			children = (
				81D4F4CB2289E363006AB5A5 /* Base */,
			);
			name = Main.storyboard;
			sourceTree = "<group>";
		};
		81D4F4CF2289E36B006AB5A5 /* LaunchScreen.storyboard */ = {
			isa = PBXVariantGroup;
			children = (
				81D4F4D02289E36B006AB5A5 /* Base */,
			);
			name = LaunchScreen.storyboard;
			sourceTree = "<group>";
		};
/* End PBXVariantGroup section */

/* Begin XCBuildConfiguration section */
		81D4F4D32289E36B006AB5A5 /* Debug */ = {
			isa = XCBuildConfiguration;
			buildSettings = {
				ALWAYS_SEARCH_USER_PATHS = NO;
				CLANG_ANALYZER_NONNULL = YES;
				CLANG_ANALYZER_NUMBER_OBJECT_CONVERSION = YES_AGGRESSIVE;
				CLANG_CXX_LANGUAGE_STANDARD = "gnu++14";
				CLANG_CXX_LIBRARY = "libc++";
				CLANG_ENABLE_MODULES = YES;
				CLANG_ENABLE_OBJC_ARC = YES;
				CLANG_ENABLE_OBJC_WEAK = YES;
				CLANG_WARN_BLOCK_CAPTURE_AUTORELEASING = YES;
				CLANG_WARN_BOOL_CONVERSION = YES;
				CLANG_WARN_COMMA = YES;
				CLANG_WARN_CONSTANT_CONVERSION = YES;
				CLANG_WARN_DEPRECATED_OBJC_IMPLEMENTATIONS = YES;
				CLANG_WARN_DIRECT_OBJC_ISA_USAGE = YES_ERROR;
				CLANG_WARN_DOCUMENTATION_COMMENTS = YES;
				CLANG_WARN_EMPTY_BODY = YES;
				CLANG_WARN_ENUM_CONVERSION = YES;
				CLANG_WARN_INFINITE_RECURSION = YES;
				CLANG_WARN_INT_CONVERSION = YES;
				CLANG_WARN_NON_LITERAL_NULL_CONVERSION = YES;
				CLANG_WARN_OBJC_IMPLICIT_RETAIN_SELF = YES;
				CLANG_WARN_OBJC_LITERAL_CONVERSION = YES;
				CLANG_WARN_OBJC_ROOT_CLASS = YES_ERROR;
				CLANG_WARN_RANGE_LOOP_ANALYSIS = YES;
				CLANG_WARN_STRICT_PROTOTYPES = YES;
				CLANG_WARN_SUSPICIOUS_MOVE = YES;
				CLANG_WARN_UNGUARDED_AVAILABILITY = YES_AGGRESSIVE;
				CLANG_WARN_UNREACHABLE_CODE = YES;
				CLANG_WARN__DUPLICATE_METHOD_MATCH = YES;
				CODE_SIGN_IDENTITY = "iPhone Developer";
				COPY_PHASE_STRIP = NO;
				DEBUG_INFORMATION_FORMAT = dwarf;
				ENABLE_STRICT_OBJC_MSGSEND = YES;
				ENABLE_TESTABILITY = YES;
				GCC_C_LANGUAGE_STANDARD = gnu11;
				GCC_DYNAMIC_NO_PIC = NO;
				GCC_NO_COMMON_BLOCKS = YES;
				GCC_OPTIMIZATION_LEVEL = 0;
				GCC_PREPROCESSOR_DEFINITIONS = (
					"DEBUG=1",
					"$(inherited)",
				);
				GCC_WARN_64_TO_32_BIT_CONVERSION = YES;
				GCC_WARN_ABOUT_RETURN_TYPE = YES_ERROR;
				GCC_WARN_UNDECLARED_SELECTOR = YES;
				GCC_WARN_UNINITIALIZED_AUTOS = YES_AGGRESSIVE;
				GCC_WARN_UNUSED_FUNCTION = YES;
				GCC_WARN_UNUSED_VARIABLE = YES;
				IPHONEOS_DEPLOYMENT_TARGET = 12.2;
				MTL_ENABLE_DEBUG_INFO = INCLUDE_SOURCE;
				MTL_FAST_MATH = YES;
				ONLY_ACTIVE_ARCH = YES;
				SDKROOT = iphoneos;
				SWIFT_ACTIVE_COMPILATION_CONDITIONS = DEBUG;
				SWIFT_OPTIMIZATION_LEVEL = "-Onone";
			};
			name = Debug;
		};
		81D4F4D42289E36B006AB5A5 /* Release */ = {
			isa = XCBuildConfiguration;
			buildSettings = {
				ALWAYS_SEARCH_USER_PATHS = NO;
				CLANG_ANALYZER_NONNULL = YES;
				CLANG_ANALYZER_NUMBER_OBJECT_CONVERSION = YES_AGGRESSIVE;
				CLANG_CXX_LANGUAGE_STANDARD = "gnu++14";
				CLANG_CXX_LIBRARY = "libc++";
				CLANG_ENABLE_MODULES = YES;
				CLANG_ENABLE_OBJC_ARC = YES;
				CLANG_ENABLE_OBJC_WEAK = YES;
				CLANG_WARN_BLOCK_CAPTURE_AUTORELEASING = YES;
				CLANG_WARN_BOOL_CONVERSION = YES;
				CLANG_WARN_COMMA = YES;
				CLANG_WARN_CONSTANT_CONVERSION = YES;
				CLANG_WARN_DEPRECATED_OBJC_IMPLEMENTATIONS = YES;
				CLANG_WARN_DIRECT_OBJC_ISA_USAGE = YES_ERROR;
				CLANG_WARN_DOCUMENTATION_COMMENTS = YES;
				CLANG_WARN_EMPTY_BODY = YES;
				CLANG_WARN_ENUM_CONVERSION = YES;
				CLANG_WARN_INFINITE_RECURSION = YES;
				CLANG_WARN_INT_CONVERSION = YES;
				CLANG_WARN_NON_LITERAL_NULL_CONVERSION = YES;
				CLANG_WARN_OBJC_IMPLICIT_RETAIN_SELF = YES;
				CLANG_WARN_OBJC_LITERAL_CONVERSION = YES;
				CLANG_WARN_OBJC_ROOT_CLASS = YES_ERROR;
				CLANG_WARN_RANGE_LOOP_ANALYSIS = YES;
				CLANG_WARN_STRICT_PROTOTYPES = YES;
				CLANG_WARN_SUSPICIOUS_MOVE = YES;
				CLANG_WARN_UNGUARDED_AVAILABILITY = YES_AGGRESSIVE;
				CLANG_WARN_UNREACHABLE_CODE = YES;
				CLANG_WARN__DUPLICATE_METHOD_MATCH = YES;
				CODE_SIGN_IDENTITY = "iPhone Developer";
				COPY_PHASE_STRIP = NO;
				DEBUG_INFORMATION_FORMAT = "dwarf-with-dsym";
				ENABLE_NS_ASSERTIONS = NO;
				ENABLE_STRICT_OBJC_MSGSEND = YES;
				GCC_C_LANGUAGE_STANDARD = gnu11;
				GCC_NO_COMMON_BLOCKS = YES;
				GCC_WARN_64_TO_32_BIT_CONVERSION = YES;
				GCC_WARN_ABOUT_RETURN_TYPE = YES_ERROR;
				GCC_WARN_UNDECLARED_SELECTOR = YES;
				GCC_WARN_UNINITIALIZED_AUTOS = YES_AGGRESSIVE;
				GCC_WARN_UNUSED_FUNCTION = YES;
				GCC_WARN_UNUSED_VARIABLE = YES;
				IPHONEOS_DEPLOYMENT_TARGET = 12.2;
				MTL_ENABLE_DEBUG_INFO = NO;
				MTL_FAST_MATH = YES;
				SDKROOT = iphoneos;
				SWIFT_COMPILATION_MODE = wholemodule;
				SWIFT_OPTIMIZATION_LEVEL = "-O";
				VALIDATE_PRODUCT = YES;
			};
			name = Release;
		};
		81D4F4D62289E36B006AB5A5 /* Debug */ = {
			isa = XCBuildConfiguration;
			baseConfigurationReference = F93FECB18A60E0F5F6D088AF /* Pods-KDapp3.debug.xcconfig */;
			buildSettings = {
				ASSETCATALOG_COMPILER_APPICON_NAME = AppIcon;
				CODE_SIGN_STYLE = Automatic;
				INFOPLIST_FILE = KDapp3/Info.plist;
				LD_RUNPATH_SEARCH_PATHS = (
					"$(inherited)",
					"@executable_path/Frameworks",
				);
				PRODUCT_BUNDLE_IDENTIFIER = AThomeworks.KDapp3;
				PRODUCT_NAME = "$(TARGET_NAME)";
				SWIFT_VERSION = 5.0;
				TARGETED_DEVICE_FAMILY = "1,2";
			};
			name = Debug;
		};
		81D4F4D72289E36B006AB5A5 /* Release */ = {
			isa = XCBuildConfiguration;
			baseConfigurationReference = F1B35608F0C0C12DB586F30F /* Pods-KDapp3.release.xcconfig */;
			buildSettings = {
				ASSETCATALOG_COMPILER_APPICON_NAME = AppIcon;
				CODE_SIGN_STYLE = Automatic;
				INFOPLIST_FILE = KDapp3/Info.plist;
				LD_RUNPATH_SEARCH_PATHS = (
					"$(inherited)",
					"@executable_path/Frameworks",
				);
				PRODUCT_BUNDLE_IDENTIFIER = AThomeworks.KDapp3;
				PRODUCT_NAME = "$(TARGET_NAME)";
				SWIFT_VERSION = 5.0;
				TARGETED_DEVICE_FAMILY = "1,2";
			};
			name = Release;
		};
/* End XCBuildConfiguration section */

/* Begin XCConfigurationList section */
		81D4F4BE2289E363006AB5A5 /* Build configuration list for PBXProject "KDapp3" */ = {
			isa = XCConfigurationList;
			buildConfigurations = (
				81D4F4D32289E36B006AB5A5 /* Debug */,
				81D4F4D42289E36B006AB5A5 /* Release */,
			);
			defaultConfigurationIsVisible = 0;
			defaultConfigurationName = Release;
		};
		81D4F4D52289E36B006AB5A5 /* Build configuration list for PBXNativeTarget "KDapp3" */ = {
			isa = XCConfigurationList;
			buildConfigurations = (
				81D4F4D62289E36B006AB5A5 /* Debug */,
				81D4F4D72289E36B006AB5A5 /* Release */,
			);
			defaultConfigurationIsVisible = 0;
			defaultConfigurationName = Release;
		};
/* End XCConfigurationList section */
	};
	rootObject = 81D4F4BB2289E363006AB5A5 /* Project object */;
}
